// !$*UTF8*$!
{
	archiveVersion = 1;
	classes = {
	};
	objectVersion = 50;
	objects = {

/* Begin PBXBuildFile section */
		3FC20888234EA737007B4420 /* AppDelegate.swift in Sources */ = {isa = PBXBuildFile; fileRef = 3FC20887234EA737007B4420 /* AppDelegate.swift */; };
		3FC2088A234EA737007B4420 /* ViewController.swift in Sources */ = {isa = PBXBuildFile; fileRef = 3FC20889234EA737007B4420 /* ViewController.swift */; };
		3FC2088D234EA737007B4420 /* Main.storyboard in Resources */ = {isa = PBXBuildFile; fileRef = 3FC2088B234EA737007B4420 /* Main.storyboard */; };
		3FC2088F234EA738007B4420 /* Assets.xcassets in Resources */ = {isa = PBXBuildFile; fileRef = 3FC2088E234EA738007B4420 /* Assets.xcassets */; };
		3FC20892234EA738007B4420 /* LaunchScreen.storyboard in Resources */ = {isa = PBXBuildFile; fileRef = 3FC20890234EA738007B4420 /* LaunchScreen.storyboard */; };
		3FC2089A234EA825007B4420 /* DatePickerViewController.swift in Sources */ = {isa = PBXBuildFile; fileRef = 3FC20899234EA825007B4420 /* DatePickerViewController.swift */; };
		3FC2089C234EA865007B4420 /* SingleComponentPickerViewController.swift in Sources */ = {isa = PBXBuildFile; fileRef = 3FC2089B234EA865007B4420 /* SingleComponentPickerViewController.swift */; };
		3FC2089E234EA877007B4420 /* DoubleComponentPickerViewController.swift in Sources */ = {isa = PBXBuildFile; fileRef = 3FC2089D234EA877007B4420 /* DoubleComponentPickerViewController.swift */; };
		3FC208A0234EA88A007B4420 /* DependentComponentPickerViewController.swift in Sources */ = {isa = PBXBuildFile; fileRef = 3FC2089F234EA88A007B4420 /* DependentComponentPickerViewController.swift */; };
		3FC208A2234EA8A5007B4420 /* CustomPickerViewController.swift in Sources */ = {isa = PBXBuildFile; fileRef = 3FC208A1234EA8A5007B4420 /* CustomPickerViewController.swift */; };
/* End PBXBuildFile section */

/* Begin PBXFileReference section */
		3FC20884234EA737007B4420 /* MAPD714-Lesson6-picker.app */ = {isa = PBXFileReference; explicitFileType = wrapper.application; includeInIndex = 0; path = "MAPD714-Lesson6-picker.app"; sourceTree = BUILT_PRODUCTS_DIR; };
		3FC20887234EA737007B4420 /* AppDelegate.swift */ = {isa = PBXFileReference; lastKnownFileType = sourcecode.swift; path = AppDelegate.swift; sourceTree = "<group>"; };
		3FC20889234EA737007B4420 /* ViewController.swift */ = {isa = PBXFileReference; lastKnownFileType = sourcecode.swift; path = ViewController.swift; sourceTree = "<group>"; };
		3FC2088C234EA737007B4420 /* Base */ = {isa = PBXFileReference; lastKnownFileType = file.storyboard; name = Base; path = Base.lproj/Main.storyboard; sourceTree = "<group>"; };
		3FC2088E234EA738007B4420 /* Assets.xcassets */ = {isa = PBXFileReference; lastKnownFileType = folder.assetcatalog; path = Assets.xcassets; sourceTree = "<group>"; };
		3FC20891234EA738007B4420 /* Base */ = {isa = PBXFileReference; lastKnownFileType = file.storyboard; name = Base; path = Base.lproj/LaunchScreen.storyboard; sourceTree = "<group>"; };
		3FC20893234EA738007B4420 /* Info.plist */ = {isa = PBXFileReference; lastKnownFileType = text.plist.xml; path = Info.plist; sourceTree = "<group>"; };
		3FC20899234EA825007B4420 /* DatePickerViewController.swift */ = {isa = PBXFileReference; lastKnownFileType = sourcecode.swift; path = DatePickerViewController.swift; sourceTree = "<group>"; };
		3FC2089B234EA865007B4420 /* SingleComponentPickerViewController.swift */ = {isa = PBXFileReference; lastKnownFileType = sourcecode.swift; path = SingleComponentPickerViewController.swift; sourceTree = "<group>"; };
		3FC2089D234EA877007B4420 /* DoubleComponentPickerViewController.swift */ = {isa = PBXFileReference; lastKnownFileType = sourcecode.swift; path = DoubleComponentPickerViewController.swift; sourceTree = "<group>"; };
		3FC2089F234EA88A007B4420 /* DependentComponentPickerViewController.swift */ = {isa = PBXFileReference; lastKnownFileType = sourcecode.swift; path = DependentComponentPickerViewController.swift; sourceTree = "<group>"; };
		3FC208A1234EA8A5007B4420 /* CustomPickerViewController.swift */ = {isa = PBXFileReference; lastKnownFileType = sourcecode.swift; path = CustomPickerViewController.swift; sourceTree = "<group>"; };
/* End PBXFileReference section */

/* Begin PBXFrameworksBuildPhase section */
		3FC20881234EA737007B4420 /* Frameworks */ = {
			isa = PBXFrameworksBuildPhase;
			buildActionMask = 2147483647;
			files = (
			);
			runOnlyForDeploymentPostprocessing = 0;
		};
/* End PBXFrameworksBuildPhase section */

/* Begin PBXGroup section */
		3FC2087B234EA737007B4420 = {
			isa = PBXGroup;
			children = (
				3FC20886234EA737007B4420 /* MAPD714-Lesson6-picker */,
				3FC20885234EA737007B4420 /* Products */,
			);
			sourceTree = "<group>";
		};
		3FC20885234EA737007B4420 /* Products */ = {
			isa = PBXGroup;
			children = (
				3FC20884234EA737007B4420 /* MAPD714-Lesson6-picker.app */,
			);
			name = Products;
			sourceTree = "<group>";
		};
		3FC20886234EA737007B4420 /* MAPD714-Lesson6-picker */ = {
			isa = PBXGroup;
			children = (
				3FC20887234EA737007B4420 /* AppDelegate.swift */,
				3FC20889234EA737007B4420 /* ViewController.swift */,
				3FC2088B234EA737007B4420 /* Main.storyboard */,
				3FC20899234EA825007B4420 /* DatePickerViewController.swift */,
				3FC2089B234EA865007B4420 /* SingleComponentPickerViewController.swift */,
				3FC2089D234EA877007B4420 /* DoubleComponentPickerViewController.swift */,
				3FC2089F234EA88A007B4420 /* DependentComponentPickerViewController.swift */,
				3FC208A1234EA8A5007B4420 /* CustomPickerViewController.swift */,
				3FC2088E234EA738007B4420 /* Assets.xcassets */,
				3FC20890234EA738007B4420 /* LaunchScreen.storyboard */,
				3FC20893234EA738007B4420 /* Info.plist */,
			);
			path = "MAPD714-Lesson6-picker";
			sourceTree = "<group>";
		};
/* End PBXGroup section */

/* Begin PBXNativeTarget section */
		3FC20883234EA737007B4420 /* MAPD714-Lesson6-picker */ = {
			isa = PBXNativeTarget;
			buildConfigurationList = 3FC20896234EA738007B4420 /* Build configuration list for PBXNativeTarget "MAPD714-Lesson6-picker" */;
			buildPhases = (
				3FC20880234EA737007B4420 /* Sources */,
				3FC20881234EA737007B4420 /* Frameworks */,
				3FC20882234EA737007B4420 /* Resources */,
			);
			buildRules = (
			);
			dependencies = (
			);
			name = "MAPD714-Lesson6-picker";
			productName = "MAPD714-Lesson6-picker";
			productReference = 3FC20884234EA737007B4420 /* MAPD714-Lesson6-picker.app */;
			productType = "com.apple.product-type.application";
		};
/* End PBXNativeTarget section */

/* Begin PBXProject section */
		3FC2087C234EA737007B4420 /* Project object */ = {
			isa = PBXProject;
			attributes = {
				LastSwiftUpdateCheck = 1030;
				LastUpgradeCheck = 1030;
				ORGANIZATIONNAME = CentennialCollege;
				TargetAttributes = {
					3FC20883234EA737007B4420 = {
						CreatedOnToolsVersion = 10.3;
					};
				};
			};
			buildConfigurationList = 3FC2087F234EA737007B4420 /* Build configuration list for PBXProject "MAPD714-Lesson6-picker" */;
			compatibilityVersion = "Xcode 9.3";
			developmentRegion = en;
			hasScannedForEncodings = 0;
			knownRegions = (
				en,
				Base,
			);
			mainGroup = 3FC2087B234EA737007B4420;
			productRefGroup = 3FC20885234EA737007B4420 /* Products */;
			projectDirPath = "";
			projectRoot = "";
			targets = (
				3FC20883234EA737007B4420 /* MAPD714-Lesson6-picker */,
			);
		};
/* End PBXProject section */

/* Begin PBXResourcesBuildPhase section */
		3FC20882234EA737007B4420 /* Resources */ = {
			isa = PBXResourcesBuildPhase;
			buildActionMask = 2147483647;
			files = (
				3FC20892234EA738007B4420 /* LaunchScreen.storyboard in Resources */,
				3FC2088F234EA738007B4420 /* Assets.xcassets in Resources */,
				3FC2088D234EA737007B4420 /* Main.storyboard in Resources */,
			);
			runOnlyForDeploymentPostprocessing = 0;
		};
/* End PBXResourcesBuildPhase section */

/* Begin PBXSourcesBuildPhase section */
		3FC20880234EA737007B4420 /* Sources */ = {
			isa = PBXSourcesBuildPhase;
			buildActionMask = 2147483647;
			files = (
				3FC2088A234EA737007B4420 /* ViewController.swift in Sources */,
				3FC20888234EA737007B4420 /* AppDelegate.swift in Sources */,
				3FC208A0234EA88A007B4420 /* DependentComponentPickerViewController.swift in Sources */,
				3FC2089E234EA877007B4420 /* DoubleComponentPickerViewController.swift in Sources */,
				3FC208A2234EA8A5007B4420 /* CustomPickerViewController.swift in Sources */,
				3FC2089C234EA865007B4420 /* SingleComponentPickerViewController.swift in Sources */,
				3FC2089A234EA825007B4420 /* DatePickerViewController.swift in Sources */,
			);
			runOnlyForDeploymentPostprocessing = 0;
		};
/* End PBXSourcesBuildPhase section */

/* Begin PBXVariantGroup section */
		3FC2088B234EA737007B4420 /* Main.storyboard */ = {
			isa = PBXVariantGroup;
			children = (
				3FC2088C234EA737007B4420 /* Base */,
			);
			name = Main.storyboard;
			sourceTree = "<group>";
		};
		3FC20890234EA738007B4420 /* LaunchScreen.storyboard */ = {
			isa = PBXVariantGroup;
			children = (
				3FC20891234EA738007B4420 /* Base */,
			);
			name = LaunchScreen.storyboard;
			sourceTree = "<group>";
		};
/* End PBXVariantGroup section */

/* Begin XCBuildConfiguration section */
		3FC20894234EA738007B4420 /* Debug */ = {
			isa = XCBuildConfiguration;
			buildSettings = {
				ALWAYS_SEARCH_USER_PATHS = NO;
				CLANG_ANALYZER_NONNULL = YES;
				CLANG_ANALYZER_NUMBER_OBJECT_CONVERSION = YES_AGGRESSIVE;
				CLANG_CXX_LANGUAGE_STANDARD = "gnu++14";
				CLANG_CXX_LIBRARY = "libc++";
				CLANG_ENABLE_MODULES = YES;
				CLANG_ENABLE_OBJC_ARC = YES;
				CLANG_ENABLE_OBJC_WEAK = YES;
				CLANG_WARN_BLOCK_CAPTURE_AUTORELEASING = YES;
				CLANG_WARN_BOOL_CONVERSION = YES;
				CLANG_WARN_COMMA = YES;
				CLANG_WARN_CONSTANT_CONVERSION = YES;
				CLANG_WARN_DEPRECATED_OBJC_IMPLEMENTATIONS = YES;
				CLANG_WARN_DIRECT_OBJC_ISA_USAGE = YES_ERROR;
				CLANG_WARN_DOCUMENTATION_COMMENTS = YES;
				CLANG_WARN_EMPTY_BODY = YES;
				CLANG_WARN_ENUM_CONVERSION = YES;
				CLANG_WARN_INFINITE_RECURSION = YES;
				CLANG_WARN_INT_CONVERSION = YES;
				CLANG_WARN_NON_LITERAL_NULL_CONVERSION = YES;
				CLANG_WARN_OBJC_IMPLICIT_RETAIN_SELF = YES;
				CLANG_WARN_OBJC_LITERAL_CONVERSION = YES;
				CLANG_WARN_OBJC_ROOT_CLASS = YES_ERROR;
				CLANG_WARN_RANGE_LOOP_ANALYSIS = YES;
				CLANG_WARN_STRICT_PROTOTYPES = YES;
				CLANG_WARN_SUSPICIOUS_MOVE = YES;
				CLANG_WARN_UNGUARDED_AVAILABILITY = YES_AGGRESSIVE;
				CLANG_WARN_UNREACHABLE_CODE = YES;
				CLANG_WARN__DUPLICATE_METHOD_MATCH = YES;
				CODE_SIGN_IDENTITY = "iPhone Developer";
				COPY_PHASE_STRIP = NO;
				DEBUG_INFORMATION_FORMAT = dwarf;
				ENABLE_STRICT_OBJC_MSGSEND = YES;
				ENABLE_TESTABILITY = YES;
				GCC_C_LANGUAGE_STANDARD = gnu11;
				GCC_DYNAMIC_NO_PIC = NO;
				GCC_NO_COMMON_BLOCKS = YES;
				GCC_OPTIMIZATION_LEVEL = 0;
				GCC_PREPROCESSOR_DEFINITIONS = (
					"DEBUG=1",
					"$(inherited)",
				);
				GCC_WARN_64_TO_32_BIT_CONVERSION = YES;
				GCC_WARN_ABOUT_RETURN_TYPE = YES_ERROR;
				GCC_WARN_UNDECLARED_SELECTOR = YES;
				GCC_WARN_UNINITIALIZED_AUTOS = YES_AGGRESSIVE;
				GCC_WARN_UNUSED_FUNCTION = YES;
				GCC_WARN_UNUSED_VARIABLE = YES;
				IPHONEOS_DEPLOYMENT_TARGET = 12.4;
				MTL_ENABLE_DEBUG_INFO = INCLUDE_SOURCE;
				MTL_FAST_MATH = YES;
				ONLY_ACTIVE_ARCH = YES;
				SDKROOT = iphoneos;
				SWIFT_ACTIVE_COMPILATION_CONDITIONS = DEBUG;
				SWIFT_OPTIMIZATION_LEVEL = "-Onone";
			};
			name = Debug;
		};
		3FC20895234EA738007B4420 /* Release */ = {
			isa = XCBuildConfiguration;
			buildSettings = {
				ALWAYS_SEARCH_USER_PATHS = NO;
				CLANG_ANALYZER_NONNULL = YES;
				CLANG_ANALYZER_NUMBER_OBJECT_CONVERSION = YES_AGGRESSIVE;
				CLANG_CXX_LANGUAGE_STANDARD = "gnu++14";
				CLANG_CXX_LIBRARY = "libc++";
				CLANG_ENABLE_MODULES = YES;
				CLANG_ENABLE_OBJC_ARC = YES;
				CLANG_ENABLE_OBJC_WEAK = YES;
				CLANG_WARN_BLOCK_CAPTURE_AUTORELEASING = YES;
				CLANG_WARN_BOOL_CONVERSION = YES;
				CLANG_WARN_COMMA = YES;
				CLANG_WARN_CONSTANT_CONVERSION = YES;
				CLANG_WARN_DEPRECATED_OBJC_IMPLEMENTATIONS = YES;
				CLANG_WARN_DIRECT_OBJC_ISA_USAGE = YES_ERROR;
				CLANG_WARN_DOCUMENTATION_COMMENTS = YES;
				CLANG_WARN_EMPTY_BODY = YES;
				CLANG_WARN_ENUM_CONVERSION = YES;
				CLANG_WARN_INFINITE_RECURSION = YES;
				CLANG_WARN_INT_CONVERSION = YES;
				CLANG_WARN_NON_LITERAL_NULL_CONVERSION = YES;
				CLANG_WARN_OBJC_IMPLICIT_RETAIN_SELF = YES;
				CLANG_WARN_OBJC_LITERAL_CONVERSION = YES;
				CLANG_WARN_OBJC_ROOT_CLASS = YES_ERROR;
				CLANG_WARN_RANGE_LOOP_ANALYSIS = YES;
				CLANG_WARN_STRICT_PROTOTYPES = YES;
				CLANG_WARN_SUSPICIOUS_MOVE = YES;
				CLANG_WARN_UNGUARDED_AVAILABILITY = YES_AGGRESSIVE;
				CLANG_WARN_UNREACHABLE_CODE = YES;
				CLANG_WARN__DUPLICATE_METHOD_MATCH = YES;
				CODE_SIGN_IDENTITY = "iPhone Developer";
				COPY_PHASE_STRIP = NO;
				DEBUG_INFORMATION_FORMAT = "dwarf-with-dsym";
				ENABLE_NS_ASSERTIONS = NO;
				ENABLE_STRICT_OBJC_MSGSEND = YES;
				GCC_C_LANGUAGE_STANDARD = gnu11;
				GCC_NO_COMMON_BLOCKS = YES;
				GCC_WARN_64_TO_32_BIT_CONVERSION = YES;
				GCC_WARN_ABOUT_RETURN_TYPE = YES_ERROR;
				GCC_WARN_UNDECLARED_SELECTOR = YES;
				GCC_WARN_UNINITIALIZED_AUTOS = YES_AGGRESSIVE;
				GCC_WARN_UNUSED_FUNCTION = YES;
				GCC_WARN_UNUSED_VARIABLE = YES;
				IPHONEOS_DEPLOYMENT_TARGET = 12.4;
				MTL_ENABLE_DEBUG_INFO = NO;
				MTL_FAST_MATH = YES;
				SDKROOT = iphoneos;
				SWIFT_COMPILATION_MODE = wholemodule;
				SWIFT_OPTIMIZATION_LEVEL = "-O";
				VALIDATE_PRODUCT = YES;
			};
			name = Release;
		};
		3FC20897234EA738007B4420 /* Debug */ = {
			isa = XCBuildConfiguration;
			buildSettings = {
				ASSETCATALOG_COMPILER_APPICON_NAME = AppIcon;
				CODE_SIGN_STYLE = Automatic;
				DEVELOPMENT_TEAM = 2BULHRS882;
				INFOPLIST_FILE = "MAPD714-Lesson6-picker/Info.plist";
				LD_RUNPATH_SEARCH_PATHS = (
					"$(inherited)",
					"@executable_path/Frameworks",
				);
				PRODUCT_BUNDLE_IDENTIFIER = "ca.centennialcollege.MAPD714-Lesson6-picker";
				PRODUCT_NAME = "$(TARGET_NAME)";
				SWIFT_VERSION = 5.0;
				TARGETED_DEVICE_FAMILY = "1,2";
			};
			name = Debug;
		};
		3FC20898234EA738007B4420 /* Release */ = {
			isa = XCBuildConfiguration;
			buildSettings = {
				ASSETCATALOG_COMPILER_APPICON_NAME = AppIcon;
				CODE_SIGN_STYLE = Automatic;
				DEVELOPMENT_TEAM = 2BULHRS882;
				INFOPLIST_FILE = "MAPD714-Lesson6-picker/Info.plist";
				LD_RUNPATH_SEARCH_PATHS = (
					"$(inherited)",
					"@executable_path/Frameworks",
				);
				PRODUCT_BUNDLE_IDENTIFIER = "ca.centennialcollege.MAPD714-Lesson6-picker";
				PRODUCT_NAME = "$(TARGET_NAME)";
				SWIFT_VERSION = 5.0;
				TARGETED_DEVICE_FAMILY = "1,2";
			};
			name = Release;
		};
/* End XCBuildConfiguration section */

/* Begin XCConfigurationList section */
		3FC2087F234EA737007B4420 /* Build configuration list for PBXProject "MAPD714-Lesson6-picker" */ = {
			isa = XCConfigurationList;
			buildConfigurations = (
				3FC20894234EA738007B4420 /* Debug */,
				3FC20895234EA738007B4420 /* Release */,
			);
			defaultConfigurationIsVisible = 0;
			defaultConfigurationName = Release;
		};
		3FC20896234EA738007B4420 /* Build configuration list for PBXNativeTarget "MAPD714-Lesson6-picker" */ = {
			isa = XCConfigurationList;
			buildConfigurations = (
				3FC20897234EA738007B4420 /* Debug */,
				3FC20898234EA738007B4420 /* Release */,
			);
			defaultConfigurationIsVisible = 0;
			defaultConfigurationName = Release;
		};
/* End XCConfigurationList section */
	};
	rootObject = 3FC2087C234EA737007B4420 /* Project object */;
}
